
Microsoft Visual Studio Solution File, Format Version 12.00
# Visual Studio Version 16
VisualStudioVersion = 16.0.28531.58
MinimumVisualStudioVersion = 10.0.40219.1
Project("{9A19103F-16F7-4668-BE54-9A1E7A4F7556}") = "Blazor.FileReader", "Blazor.FileReader\Blazor.FileReader.csproj", "{5F8084DD-9D88-4407-BCFC-15C71C5AF11E}"
EndProject
Project("{9A19103F-16F7-4668-BE54-9A1E7A4F7556}") = "Blazor.FileReader.Wasm.Demo", "Blazor.FileReader.Wasm.Demo\Blazor.FileReader.Wasm.Demo.csproj", "{9FA01C57-BBB5-420E-AA9B-AD22F39B77ED}"
EndProject
Project("{FAE04EC0-301F-11D3-BF4B-00C04F79EFBC}") = "Blazor.FileReader.AspNetCore.Demo.Server", "Blazor.FileReader.AspNetCore.Demo\Blazor.FileReader.AspNetCore.Demo.Server\Blazor.FileReader.AspNetCore.Demo.Server.csproj", "{6F0A5396-809D-42A9-83DE-444CB8B61E55}"
EndProject
Project("{FAE04EC0-301F-11D3-BF4B-00C04F79EFBC}") = "Blazor.FileReader.AspNetCore.Demo.App", "Blazor.FileReader.AspNetCore.Demo\Blazor.FileReader.AspNetCore.Demo.App\Blazor.FileReader.AspNetCore.Demo.App.csproj", "{F7508738-7FCD-4A88-AE25-B6A94AAD17CA}"
EndProject
Global
	GlobalSection(SolutionConfigurationPlatforms) = preSolution
		Debug|Any CPU = Debug|Any CPU
		Ghpages|Any CPU = Ghpages|Any CPU
		Release|Any CPU = Release|Any CPU
	EndGlobalSection
	GlobalSection(ProjectConfigurationPlatforms) = postSolution
		{5F8084DD-9D88-4407-BCFC-15C71C5AF11E}.Debug|Any CPU.ActiveCfg = Debug|Any CPU
		{5F8084DD-9D88-4407-BCFC-15C71C5AF11E}.Debug|Any CPU.Build.0 = Debug|Any CPU
		{5F8084DD-9D88-4407-BCFC-15C71C5AF11E}.Ghpages|Any CPU.ActiveCfg = Ghpages|Any CPU
		{5F8084DD-9D88-4407-BCFC-15C71C5AF11E}.Release|Any CPU.ActiveCfg = Release|Any CPU
		{5F8084DD-9D88-4407-BCFC-15C71C5AF11E}.Release|Any CPU.Build.0 = Release|Any CPU
		{9FA01C57-BBB5-420E-AA9B-AD22F39B77ED}.Debug|Any CPU.ActiveCfg = Debug|Any CPU
		{9FA01C57-BBB5-420E-AA9B-AD22F39B77ED}.Debug|Any CPU.Build.0 = Debug|Any CPU
		{9FA01C57-BBB5-420E-AA9B-AD22F39B77ED}.Ghpages|Any CPU.ActiveCfg = Ghpages|Any CPU
		{9FA01C57-BBB5-420E-AA9B-AD22F39B77ED}.Ghpages|Any CPU.Build.0 = Ghpages|Any CPU
		{9FA01C57-BBB5-420E-AA9B-AD22F39B77ED}.Release|Any CPU.ActiveCfg = Release|Any CPU
		{9FA01C57-BBB5-420E-AA9B-AD22F39B77ED}.Release|Any CPU.Build.0 = Release|Any CPU
		{6F0A5396-809D-42A9-83DE-444CB8B61E55}.Debug|Any CPU.ActiveCfg = Debug|Any CPU
		{6F0A5396-809D-42A9-83DE-444CB8B61E55}.Debug|Any CPU.Build.0 = Debug|Any CPU
		{6F0A5396-809D-42A9-83DE-444CB8B61E55}.Ghpages|Any CPU.ActiveCfg = Debug|Any CPU
		{6F0A5396-809D-42A9-83DE-444CB8B61E55}.Ghpages|Any CPU.Build.0 = Debug|Any CPU
		{6F0A5396-809D-42A9-83DE-444CB8B61E55}.Release|Any CPU.ActiveCfg = Release|Any CPU
		{6F0A5396-809D-42A9-83DE-444CB8B61E55}.Release|Any CPU.Build.0 = Release|Any CPU
		{F7508738-7FCD-4A88-AE25-B6A94AAD17CA}.Debug|Any CPU.ActiveCfg = Debug|Any CPU
		{F7508738-7FCD-4A88-AE25-B6A94AAD17CA}.Debug|Any CPU.Build.0 = Debug|Any CPU
		{F7508738-7FCD-4A88-AE25-B6A94AAD17CA}.Ghpages|Any CPU.ActiveCfg = Debug|Any CPU
		{F7508738-7FCD-4A88-AE25-B6A94AAD17CA}.Ghpages|Any CPU.Build.0 = Debug|Any CPU
		{F7508738-7FCD-4A88-AE25-B6A94AAD17CA}.Release|Any CPU.ActiveCfg = Release|Any CPU
		{F7508738-7FCD-4A88-AE25-B6A94AAD17CA}.Release|Any CPU.Build.0 = Release|Any CPU
	EndGlobalSection
	GlobalSection(SolutionProperties) = preSolution
		HideSolutionNode = FALSE
	EndGlobalSection
	GlobalSection(ExtensibilityGlobals) = postSolution
		SolutionGuid = {7BCBB258-C07A-4039-838A-09F3B45F7E58}
	EndGlobalSection
EndGlobal
